
Microsoft Visual Studio Solution File, Format Version 12.00
# Visual Studio 14
VisualStudioVersion = 14.0.25420.1
MinimumVisualStudioVersion = 10.0.40219.1
Project("{FAE04EC0-301F-11D3-BF4B-00C04F79EFBC}") = "XamarinDevDaysSpeakers", "XamarinDevDaysSpeakers\XamarinDevDaysSpeakers\XamarinDevDaysSpeakers.csproj", "{B40AC7E0-C4DB-4EDA-9D98-0D25AE8E1C68}"
EndProject
Project("{FAE04EC0-301F-11D3-BF4B-00C04F79EFBC}") = "XamarinDevDaysSpeakers.Droid", "XamarinDevDaysSpeakers\XamarinDevDaysSpeakers.Droid\XamarinDevDaysSpeakers.Droid.csproj", "{B35F7995-6D98-4F6E-A18F-9CB500BF8A5F}"
EndProject
Project("{FAE04EC0-301F-11D3-BF4B-00C04F79EFBC}") = "XamarinDevDaysSpeakers.iOS", "XamarinDevDaysSpeakers\XamarinDevDaysSpeakers.iOS\XamarinDevDaysSpeakers.iOS.csproj", "{7E3B691D-4B2C-4795-BA3C-28B4507DB70E}"
EndProject
Project("{FAE04EC0-301F-11D3-BF4B-00C04F79EFBC}") = "XamarinDevDaysSpeakers.WinPhone", "XamarinDevDaysSpeakers\XamarinDevDaysSpeakers.WinPhone\XamarinDevDaysSpeakers.WinPhone.csproj", "{74444BE6-C144-4B87-86E2-6A3467B66352}"
EndProject
Project("{FAE04EC0-301F-11D3-BF4B-00C04F79EFBC}") = "XamarinDevDaysSpeakers.UWP", "XamarinDevDaysSpeakers\XamarinDevDaysSpeakers.UWP\XamarinDevDaysSpeakers.UWP.csproj", "{493C8955-A618-42B6-8C11-599E64511739}"
EndProject
Project("{FAE04EC0-301F-11D3-BF4B-00C04F79EFBC}") = "XamarinDevDaysSpeakers.Windows", "XamarinDevDaysSpeakers\XamarinDevDaysSpeakers.Windows\XamarinDevDaysSpeakers.Windows.csproj", "{F10D58DE-1EFC-4C5A-B312-AC32B59318B8}"
EndProject
Global
	GlobalSection(SolutionConfigurationPlatforms) = preSolution
		Ad-Hoc|Any CPU = Ad-Hoc|Any CPU
		Ad-Hoc|ARM = Ad-Hoc|ARM
		Ad-Hoc|iPhone = Ad-Hoc|iPhone
		Ad-Hoc|iPhoneSimulator = Ad-Hoc|iPhoneSimulator
		Ad-Hoc|x64 = Ad-Hoc|x64
		Ad-Hoc|x86 = Ad-Hoc|x86
		AppStore|Any CPU = AppStore|Any CPU
		AppStore|ARM = AppStore|ARM
		AppStore|iPhone = AppStore|iPhone
		AppStore|iPhoneSimulator = AppStore|iPhoneSimulator
		AppStore|x64 = AppStore|x64
		AppStore|x86 = AppStore|x86
		Debug|Any CPU = Debug|Any CPU
		Debug|ARM = Debug|ARM
		Debug|iPhone = Debug|iPhone
		Debug|iPhoneSimulator = Debug|iPhoneSimulator
		Debug|x64 = Debug|x64
		Debug|x86 = Debug|x86
		Release|Any CPU = Release|Any CPU
		Release|ARM = Release|ARM
		Release|iPhone = Release|iPhone
		Release|iPhoneSimulator = Release|iPhoneSimulator
		Release|x64 = Release|x64
		Release|x86 = Release|x86
	EndGlobalSection
	GlobalSection(ProjectConfigurationPlatforms) = postSolution
		{B40AC7E0-C4DB-4EDA-9D98-0D25AE8E1C68}.Ad-Hoc|Any CPU.ActiveCfg = Release|Any CPU
		{B40AC7E0-C4DB-4EDA-9D98-0D25AE8E1C68}.Ad-Hoc|Any CPU.Build.0 = Release|Any CPU
		{B40AC7E0-C4DB-4EDA-9D98-0D25AE8E1C68}.Ad-Hoc|ARM.ActiveCfg = Release|Any CPU
		{B40AC7E0-C4DB-4EDA-9D98-0D25AE8E1C68}.Ad-Hoc|ARM.Build.0 = Release|Any CPU
		{B40AC7E0-C4DB-4EDA-9D98-0D25AE8E1C68}.Ad-Hoc|iPhone.ActiveCfg = Release|Any CPU
		{B40AC7E0-C4DB-4EDA-9D98-0D25AE8E1C68}.Ad-Hoc|iPhone.Build.0 = Release|Any CPU
		{B40AC7E0-C4DB-4EDA-9D98-0D25AE8E1C68}.Ad-Hoc|iPhoneSimulator.ActiveCfg = Release|Any CPU
		{B40AC7E0-C4DB-4EDA-9D98-0D25AE8E1C68}.Ad-Hoc|iPhoneSimulator.Build.0 = Release|Any CPU
		{B40AC7E0-C4DB-4EDA-9D98-0D25AE8E1C68}.Ad-Hoc|x64.ActiveCfg = Release|Any CPU
		{B40AC7E0-C4DB-4EDA-9D98-0D25AE8E1C68}.Ad-Hoc|x64.Build.0 = Release|Any CPU
		{B40AC7E0-C4DB-4EDA-9D98-0D25AE8E1C68}.Ad-Hoc|x86.ActiveCfg = Release|Any CPU
		{B40AC7E0-C4DB-4EDA-9D98-0D25AE8E1C68}.Ad-Hoc|x86.Build.0 = Release|Any CPU
		{B40AC7E0-C4DB-4EDA-9D98-0D25AE8E1C68}.AppStore|Any CPU.ActiveCfg = Release|Any CPU
		{B40AC7E0-C4DB-4EDA-9D98-0D25AE8E1C68}.AppStore|Any CPU.Build.0 = Release|Any CPU
		{B40AC7E0-C4DB-4EDA-9D98-0D25AE8E1C68}.AppStore|ARM.ActiveCfg = Release|Any CPU
		{B40AC7E0-C4DB-4EDA-9D98-0D25AE8E1C68}.AppStore|ARM.Build.0 = Release|Any CPU
		{B40AC7E0-C4DB-4EDA-9D98-0D25AE8E1C68}.AppStore|iPhone.ActiveCfg = Release|Any CPU
		{B40AC7E0-C4DB-4EDA-9D98-0D25AE8E1C68}.AppStore|iPhone.Build.0 = Release|Any CPU
		{B40AC7E0-C4DB-4EDA-9D98-0D25AE8E1C68}.AppStore|iPhoneSimulator.ActiveCfg = Release|Any CPU
		{B40AC7E0-C4DB-4EDA-9D98-0D25AE8E1C68}.AppStore|iPhoneSimulator.Build.0 = Release|Any CPU
		{B40AC7E0-C4DB-4EDA-9D98-0D25AE8E1C68}.AppStore|x64.ActiveCfg = Release|Any CPU
		{B40AC7E0-C4DB-4EDA-9D98-0D25AE8E1C68}.AppStore|x64.Build.0 = Release|Any CPU
		{B40AC7E0-C4DB-4EDA-9D98-0D25AE8E1C68}.AppStore|x86.ActiveCfg = Release|Any CPU
		{B40AC7E0-C4DB-4EDA-9D98-0D25AE8E1C68}.AppStore|x86.Build.0 = Release|Any CPU
		{B40AC7E0-C4DB-4EDA-9D98-0D25AE8E1C68}.Debug|Any CPU.ActiveCfg = Debug|Any CPU
		{B40AC7E0-C4DB-4EDA-9D98-0D25AE8E1C68}.Debug|Any CPU.Build.0 = Debug|Any CPU
		{B40AC7E0-C4DB-4EDA-9D98-0D25AE8E1C68}.Debug|ARM.ActiveCfg = Debug|Any CPU
		{B40AC7E0-C4DB-4EDA-9D98-0D25AE8E1C68}.Debug|ARM.Build.0 = Debug|Any CPU
		{B40AC7E0-C4DB-4EDA-9D98-0D25AE8E1C68}.Debug|iPhone.ActiveCfg = Debug|Any CPU
		{B40AC7E0-C4DB-4EDA-9D98-0D25AE8E1C68}.Debug|iPhone.Build.0 = Debug|Any CPU
		{B40AC7E0-C4DB-4EDA-9D98-0D25AE8E1C68}.Debug|iPhoneSimulator.ActiveCfg = Debug|Any CPU
		{B40AC7E0-C4DB-4EDA-9D98-0D25AE8E1C68}.Debug|iPhoneSimulator.Build.0 = Debug|Any CPU
		{B40AC7E0-C4DB-4EDA-9D98-0D25AE8E1C68}.Debug|x64.ActiveCfg = Debug|Any CPU
		{B40AC7E0-C4DB-4EDA-9D98-0D25AE8E1C68}.Debug|x64.Build.0 = Debug|Any CPU
		{B40AC7E0-C4DB-4EDA-9D98-0D25AE8E1C68}.Debug|x86.ActiveCfg = Debug|Any CPU
		{B40AC7E0-C4DB-4EDA-9D98-0D25AE8E1C68}.Debug|x86.Build.0 = Debug|Any CPU
		{B40AC7E0-C4DB-4EDA-9D98-0D25AE8E1C68}.Release|Any CPU.ActiveCfg = Release|Any CPU
		{B40AC7E0-C4DB-4EDA-9D98-0D25AE8E1C68}.Release|Any CPU.Build.0 = Release|Any CPU
		{B40AC7E0-C4DB-4EDA-9D98-0D25AE8E1C68}.Release|ARM.ActiveCfg = Release|Any CPU
		{B40AC7E0-C4DB-4EDA-9D98-0D25AE8E1C68}.Release|ARM.Build.0 = Release|Any CPU
		{B40AC7E0-C4DB-4EDA-9D98-0D25AE8E1C68}.Release|iPhone.ActiveCfg = Release|Any CPU
		{B40AC7E0-C4DB-4EDA-9D98-0D25AE8E1C68}.Release|iPhone.Build.0 = Release|Any CPU
		{B40AC7E0-C4DB-4EDA-9D98-0D25AE8E1C68}.Release|iPhoneSimulator.ActiveCfg = Release|Any CPU
		{B40AC7E0-C4DB-4EDA-9D98-0D25AE8E1C68}.Release|iPhoneSimulator.Build.0 = Release|Any CPU
		{B40AC7E0-C4DB-4EDA-9D98-0D25AE8E1C68}.Release|x64.ActiveCfg = Release|Any CPU
		{B40AC7E0-C4DB-4EDA-9D98-0D25AE8E1C68}.Release|x64.Build.0 = Release|Any CPU
		{B40AC7E0-C4DB-4EDA-9D98-0D25AE8E1C68}.Release|x86.ActiveCfg = Release|Any CPU
		{B40AC7E0-C4DB-4EDA-9D98-0D25AE8E1C68}.Release|x86.Build.0 = Release|Any CPU
		{B35F7995-6D98-4F6E-A18F-9CB500BF8A5F}.Ad-Hoc|Any CPU.ActiveCfg = Release|Any CPU
		{B35F7995-6D98-4F6E-A18F-9CB500BF8A5F}.Ad-Hoc|Any CPU.Build.0 = Release|Any CPU
		{B35F7995-6D98-4F6E-A18F-9CB500BF8A5F}.Ad-Hoc|Any CPU.Deploy.0 = Release|Any CPU
		{B35F7995-6D98-4F6E-A18F-9CB500BF8A5F}.Ad-Hoc|ARM.ActiveCfg = Release|Any CPU
		{B35F7995-6D98-4F6E-A18F-9CB500BF8A5F}.Ad-Hoc|ARM.Build.0 = Release|Any CPU
		{B35F7995-6D98-4F6E-A18F-9CB500BF8A5F}.Ad-Hoc|ARM.Deploy.0 = Release|Any CPU
		{B35F7995-6D98-4F6E-A18F-9CB500BF8A5F}.Ad-Hoc|iPhone.ActiveCfg = Release|Any CPU
		{B35F7995-6D98-4F6E-A18F-9CB500BF8A5F}.Ad-Hoc|iPhone.Build.0 = Release|Any CPU
		{B35F7995-6D98-4F6E-A18F-9CB500BF8A5F}.Ad-Hoc|iPhone.Deploy.0 = Release|Any CPU
		{B35F7995-6D98-4F6E-A18F-9CB500BF8A5F}.Ad-Hoc|iPhoneSimulator.ActiveCfg = Release|Any CPU
		{B35F7995-6D98-4F6E-A18F-9CB500BF8A5F}.Ad-Hoc|iPhoneSimulator.Build.0 = Release|Any CPU
		{B35F7995-6D98-4F6E-A18F-9CB500BF8A5F}.Ad-Hoc|iPhoneSimulator.Deploy.0 = Release|Any CPU
		{B35F7995-6D98-4F6E-A18F-9CB500BF8A5F}.Ad-Hoc|x64.ActiveCfg = Release|Any CPU
		{B35F7995-6D98-4F6E-A18F-9CB500BF8A5F}.Ad-Hoc|x64.Build.0 = Release|Any CPU
		{B35F7995-6D98-4F6E-A18F-9CB500BF8A5F}.Ad-Hoc|x64.Deploy.0 = Release|Any CPU
		{B35F7995-6D98-4F6E-A18F-9CB500BF8A5F}.Ad-Hoc|x86.ActiveCfg = Release|Any CPU
		{B35F7995-6D98-4F6E-A18F-9CB500BF8A5F}.Ad-Hoc|x86.Build.0 = Release|Any CPU
		{B35F7995-6D98-4F6E-A18F-9CB500BF8A5F}.Ad-Hoc|x86.Deploy.0 = Release|Any CPU
		{B35F7995-6D98-4F6E-A18F-9CB500BF8A5F}.AppStore|Any CPU.ActiveCfg = Release|Any CPU
		{B35F7995-6D98-4F6E-A18F-9CB500BF8A5F}.AppStore|Any CPU.Build.0 = Release|Any CPU
		{B35F7995-6D98-4F6E-A18F-9CB500BF8A5F}.AppStore|Any CPU.Deploy.0 = Release|Any CPU
		{B35F7995-6D98-4F6E-A18F-9CB500BF8A5F}.AppStore|ARM.ActiveCfg = Release|Any CPU
		{B35F7995-6D98-4F6E-A18F-9CB500BF8A5F}.AppStore|ARM.Build.0 = Release|Any CPU
		{B35F7995-6D98-4F6E-A18F-9CB500BF8A5F}.AppStore|ARM.Deploy.0 = Release|Any CPU
		{B35F7995-6D98-4F6E-A18F-9CB500BF8A5F}.AppStore|iPhone.ActiveCfg = Release|Any CPU
		{B35F7995-6D98-4F6E-A18F-9CB500BF8A5F}.AppStore|iPhone.Build.0 = Release|Any CPU
		{B35F7995-6D98-4F6E-A18F-9CB500BF8A5F}.AppStore|iPhone.Deploy.0 = Release|Any CPU
		{B35F7995-6D98-4F6E-A18F-9CB500BF8A5F}.AppStore|iPhoneSimulator.ActiveCfg = Release|Any CPU
		{B35F7995-6D98-4F6E-A18F-9CB500BF8A5F}.AppStore|iPhoneSimulator.Build.0 = Release|Any CPU
		{B35F7995-6D98-4F6E-A18F-9CB500BF8A5F}.AppStore|iPhoneSimulator.Deploy.0 = Release|Any CPU
		{B35F7995-6D98-4F6E-A18F-9CB500BF8A5F}.AppStore|x64.ActiveCfg = Release|Any CPU
		{B35F7995-6D98-4F6E-A18F-9CB500BF8A5F}.AppStore|x64.Build.0 = Release|Any CPU
		{B35F7995-6D98-4F6E-A18F-9CB500BF8A5F}.AppStore|x64.Deploy.0 = Release|Any CPU
		{B35F7995-6D98-4F6E-A18F-9CB500BF8A5F}.AppStore|x86.ActiveCfg = Release|Any CPU
		{B35F7995-6D98-4F6E-A18F-9CB500BF8A5F}.AppStore|x86.Build.0 = Release|Any CPU
		{B35F7995-6D98-4F6E-A18F-9CB500BF8A5F}.AppStore|x86.Deploy.0 = Release|Any CPU
		{B35F7995-6D98-4F6E-A18F-9CB500BF8A5F}.Debug|Any CPU.ActiveCfg = Debug|Any CPU
		{B35F7995-6D98-4F6E-A18F-9CB500BF8A5F}.Debug|Any CPU.Build.0 = Debug|Any CPU
		{B35F7995-6D98-4F6E-A18F-9CB500BF8A5F}.Debug|Any CPU.Deploy.0 = Debug|Any CPU
		{B35F7995-6D98-4F6E-A18F-9CB500BF8A5F}.Debug|ARM.ActiveCfg = Debug|Any CPU
		{B35F7995-6D98-4F6E-A18F-9CB500BF8A5F}.Debug|ARM.Build.0 = Debug|Any CPU
		{B35F7995-6D98-4F6E-A18F-9CB500BF8A5F}.Debug|ARM.Deploy.0 = Debug|Any CPU
		{B35F7995-6D98-4F6E-A18F-9CB500BF8A5F}.Debug|iPhone.ActiveCfg = Debug|Any CPU
		{B35F7995-6D98-4F6E-A18F-9CB500BF8A5F}.Debug|iPhone.Build.0 = Debug|Any CPU
		{B35F7995-6D98-4F6E-A18F-9CB500BF8A5F}.Debug|iPhone.Deploy.0 = Debug|Any CPU
		{B35F7995-6D98-4F6E-A18F-9CB500BF8A5F}.Debug|iPhoneSimulator.ActiveCfg = Debug|Any CPU
		{B35F7995-6D98-4F6E-A18F-9CB500BF8A5F}.Debug|iPhoneSimulator.Build.0 = Debug|Any CPU
		{B35F7995-6D98-4F6E-A18F-9CB500BF8A5F}.Debug|iPhoneSimulator.Deploy.0 = Debug|Any CPU
		{B35F7995-6D98-4F6E-A18F-9CB500BF8A5F}.Debug|x64.ActiveCfg = Debug|Any CPU
		{B35F7995-6D98-4F6E-A18F-9CB500BF8A5F}.Debug|x64.Build.0 = Debug|Any CPU
		{B35F7995-6D98-4F6E-A18F-9CB500BF8A5F}.Debug|x64.Deploy.0 = Debug|Any CPU
		{B35F7995-6D98-4F6E-A18F-9CB500BF8A5F}.Debug|x86.ActiveCfg = Debug|Any CPU
		{B35F7995-6D98-4F6E-A18F-9CB500BF8A5F}.Debug|x86.Build.0 = Debug|Any CPU
		{B35F7995-6D98-4F6E-A18F-9CB500BF8A5F}.Debug|x86.Deploy.0 = Debug|Any CPU
		{B35F7995-6D98-4F6E-A18F-9CB500BF8A5F}.Release|Any CPU.ActiveCfg = Release|Any CPU
		{B35F7995-6D98-4F6E-A18F-9CB500BF8A5F}.Release|Any CPU.Build.0 = Release|Any CPU
		{B35F7995-6D98-4F6E-A18F-9CB500BF8A5F}.Release|Any CPU.Deploy.0 = Release|Any CPU
		{B35F7995-6D98-4F6E-A18F-9CB500BF8A5F}.Release|ARM.ActiveCfg = Release|Any CPU
		{B35F7995-6D98-4F6E-A18F-9CB500BF8A5F}.Release|ARM.Build.0 = Release|Any CPU
		{B35F7995-6D98-4F6E-A18F-9CB500BF8A5F}.Release|ARM.Deploy.0 = Release|Any CPU
		{B35F7995-6D98-4F6E-A18F-9CB500BF8A5F}.Release|iPhone.ActiveCfg = Release|Any CPU
		{B35F7995-6D98-4F6E-A18F-9CB500BF8A5F}.Release|iPhone.Build.0 = Release|Any CPU
		{B35F7995-6D98-4F6E-A18F-9CB500BF8A5F}.Release|iPhone.Deploy.0 = Release|Any CPU
		{B35F7995-6D98-4F6E-A18F-9CB500BF8A5F}.Release|iPhoneSimulator.ActiveCfg = Release|Any CPU
		{B35F7995-6D98-4F6E-A18F-9CB500BF8A5F}.Release|iPhoneSimulator.Build.0 = Release|Any CPU
		{B35F7995-6D98-4F6E-A18F-9CB500BF8A5F}.Release|iPhoneSimulator.Deploy.0 = Release|Any CPU
		{B35F7995-6D98-4F6E-A18F-9CB500BF8A5F}.Release|x64.ActiveCfg = Release|Any CPU
		{B35F7995-6D98-4F6E-A18F-9CB500BF8A5F}.Release|x64.Build.0 = Release|Any CPU
		{B35F7995-6D98-4F6E-A18F-9CB500BF8A5F}.Release|x64.Deploy.0 = Release|Any CPU
		{B35F7995-6D98-4F6E-A18F-9CB500BF8A5F}.Release|x86.ActiveCfg = Release|Any CPU
		{B35F7995-6D98-4F6E-A18F-9CB500BF8A5F}.Release|x86.Build.0 = Release|Any CPU
		{B35F7995-6D98-4F6E-A18F-9CB500BF8A5F}.Release|x86.Deploy.0 = Release|Any CPU
		{7E3B691D-4B2C-4795-BA3C-28B4507DB70E}.Ad-Hoc|Any CPU.ActiveCfg = Ad-Hoc|iPhone
		{7E3B691D-4B2C-4795-BA3C-28B4507DB70E}.Ad-Hoc|ARM.ActiveCfg = Ad-Hoc|iPhone
		{7E3B691D-4B2C-4795-BA3C-28B4507DB70E}.Ad-Hoc|iPhone.ActiveCfg = Ad-Hoc|iPhone
		{7E3B691D-4B2C-4795-BA3C-28B4507DB70E}.Ad-Hoc|iPhone.Build.0 = Ad-Hoc|iPhone
		{7E3B691D-4B2C-4795-BA3C-28B4507DB70E}.Ad-Hoc|iPhoneSimulator.ActiveCfg = Ad-Hoc|iPhoneSimulator
		{7E3B691D-4B2C-4795-BA3C-28B4507DB70E}.Ad-Hoc|iPhoneSimulator.Build.0 = Ad-Hoc|iPhoneSimulator
		{7E3B691D-4B2C-4795-BA3C-28B4507DB70E}.Ad-Hoc|x64.ActiveCfg = Ad-Hoc|iPhone
		{7E3B691D-4B2C-4795-BA3C-28B4507DB70E}.Ad-Hoc|x86.ActiveCfg = Ad-Hoc|iPhone
		{7E3B691D-4B2C-4795-BA3C-28B4507DB70E}.AppStore|Any CPU.ActiveCfg = AppStore|iPhone
		{7E3B691D-4B2C-4795-BA3C-28B4507DB70E}.AppStore|ARM.ActiveCfg = AppStore|iPhone
		{7E3B691D-4B2C-4795-BA3C-28B4507DB70E}.AppStore|iPhone.ActiveCfg = AppStore|iPhone
		{7E3B691D-4B2C-4795-BA3C-28B4507DB70E}.AppStore|iPhone.Build.0 = AppStore|iPhone
		{7E3B691D-4B2C-4795-BA3C-28B4507DB70E}.AppStore|iPhoneSimulator.ActiveCfg = AppStore|iPhoneSimulator
		{7E3B691D-4B2C-4795-BA3C-28B4507DB70E}.AppStore|iPhoneSimulator.Build.0 = AppStore|iPhoneSimulator
		{7E3B691D-4B2C-4795-BA3C-28B4507DB70E}.AppStore|x64.ActiveCfg = AppStore|iPhone
		{7E3B691D-4B2C-4795-BA3C-28B4507DB70E}.AppStore|x86.ActiveCfg = AppStore|iPhone
		{7E3B691D-4B2C-4795-BA3C-28B4507DB70E}.Debug|Any CPU.ActiveCfg = Debug|iPhone
		{7E3B691D-4B2C-4795-BA3C-28B4507DB70E}.Debug|ARM.ActiveCfg = Debug|iPhone
		{7E3B691D-4B2C-4795-BA3C-28B4507DB70E}.Debug|iPhone.ActiveCfg = Debug|iPhone
		{7E3B691D-4B2C-4795-BA3C-28B4507DB70E}.Debug|iPhone.Build.0 = Debug|iPhone
		{7E3B691D-4B2C-4795-BA3C-28B4507DB70E}.Debug|iPhoneSimulator.ActiveCfg = Debug|iPhoneSimulator
		{7E3B691D-4B2C-4795-BA3C-28B4507DB70E}.Debug|iPhoneSimulator.Build.0 = Debug|iPhoneSimulator
		{7E3B691D-4B2C-4795-BA3C-28B4507DB70E}.Debug|x64.ActiveCfg = Debug|iPhone
		{7E3B691D-4B2C-4795-BA3C-28B4507DB70E}.Debug|x86.ActiveCfg = Debug|iPhone
		{7E3B691D-4B2C-4795-BA3C-28B4507DB70E}.Release|Any CPU.ActiveCfg = Release|iPhone
		{7E3B691D-4B2C-4795-BA3C-28B4507DB70E}.Release|ARM.ActiveCfg = Release|iPhone
		{7E3B691D-4B2C-4795-BA3C-28B4507DB70E}.Release|iPhone.ActiveCfg = Release|iPhone
		{7E3B691D-4B2C-4795-BA3C-28B4507DB70E}.Release|iPhone.Build.0 = Release|iPhone
		{7E3B691D-4B2C-4795-BA3C-28B4507DB70E}.Release|iPhoneSimulator.ActiveCfg = Release|iPhoneSimulator
		{7E3B691D-4B2C-4795-BA3C-28B4507DB70E}.Release|iPhoneSimulator.Build.0 = Release|iPhoneSimulator
		{7E3B691D-4B2C-4795-BA3C-28B4507DB70E}.Release|x64.ActiveCfg = Release|iPhone
		{7E3B691D-4B2C-4795-BA3C-28B4507DB70E}.Release|x86.ActiveCfg = Release|iPhone
		{74444BE6-C144-4B87-86E2-6A3467B66352}.Ad-Hoc|Any CPU.ActiveCfg = Release|Any CPU
		{74444BE6-C144-4B87-86E2-6A3467B66352}.Ad-Hoc|Any CPU.Build.0 = Release|Any CPU
		{74444BE6-C144-4B87-86E2-6A3467B66352}.Ad-Hoc|Any CPU.Deploy.0 = Release|Any CPU
		{74444BE6-C144-4B87-86E2-6A3467B66352}.Ad-Hoc|ARM.ActiveCfg = Release|ARM
		{74444BE6-C144-4B87-86E2-6A3467B66352}.Ad-Hoc|ARM.Build.0 = Release|ARM
		{74444BE6-C144-4B87-86E2-6A3467B66352}.Ad-Hoc|ARM.Deploy.0 = Release|ARM
		{74444BE6-C144-4B87-86E2-6A3467B66352}.Ad-Hoc|iPhone.ActiveCfg = Release|Any CPU
		{74444BE6-C144-4B87-86E2-6A3467B66352}.Ad-Hoc|iPhone.Build.0 = Release|Any CPU
		{74444BE6-C144-4B87-86E2-6A3467B66352}.Ad-Hoc|iPhone.Deploy.0 = Release|Any CPU
		{74444BE6-C144-4B87-86E2-6A3467B66352}.Ad-Hoc|iPhoneSimulator.ActiveCfg = Release|Any CPU
		{74444BE6-C144-4B87-86E2-6A3467B66352}.Ad-Hoc|iPhoneSimulator.Build.0 = Release|Any CPU
		{74444BE6-C144-4B87-86E2-6A3467B66352}.Ad-Hoc|iPhoneSimulator.Deploy.0 = Release|Any CPU
		{74444BE6-C144-4B87-86E2-6A3467B66352}.Ad-Hoc|x64.ActiveCfg = Release|Any CPU
		{74444BE6-C144-4B87-86E2-6A3467B66352}.Ad-Hoc|x64.Build.0 = Release|Any CPU
		{74444BE6-C144-4B87-86E2-6A3467B66352}.Ad-Hoc|x64.Deploy.0 = Release|Any CPU
		{74444BE6-C144-4B87-86E2-6A3467B66352}.Ad-Hoc|x86.ActiveCfg = Release|x86
		{74444BE6-C144-4B87-86E2-6A3467B66352}.Ad-Hoc|x86.Build.0 = Release|x86
		{74444BE6-C144-4B87-86E2-6A3467B66352}.Ad-Hoc|x86.Deploy.0 = Release|x86
		{74444BE6-C144-4B87-86E2-6A3467B66352}.AppStore|Any CPU.ActiveCfg = Release|Any CPU
		{74444BE6-C144-4B87-86E2-6A3467B66352}.AppStore|Any CPU.Build.0 = Release|Any CPU
		{74444BE6-C144-4B87-86E2-6A3467B66352}.AppStore|Any CPU.Deploy.0 = Release|Any CPU
		{74444BE6-C144-4B87-86E2-6A3467B66352}.AppStore|ARM.ActiveCfg = Release|ARM
		{74444BE6-C144-4B87-86E2-6A3467B66352}.AppStore|ARM.Build.0 = Release|ARM
		{74444BE6-C144-4B87-86E2-6A3467B66352}.AppStore|ARM.Deploy.0 = Release|ARM
		{74444BE6-C144-4B87-86E2-6A3467B66352}.AppStore|iPhone.ActiveCfg = Release|Any CPU
		{74444BE6-C144-4B87-86E2-6A3467B66352}.AppStore|iPhone.Build.0 = Release|Any CPU
		{74444BE6-C144-4B87-86E2-6A3467B66352}.AppStore|iPhone.Deploy.0 = Release|Any CPU
		{74444BE6-C144-4B87-86E2-6A3467B66352}.AppStore|iPhoneSimulator.ActiveCfg = Release|Any CPU
		{74444BE6-C144-4B87-86E2-6A3467B66352}.AppStore|iPhoneSimulator.Build.0 = Release|Any CPU
		{74444BE6-C144-4B87-86E2-6A3467B66352}.AppStore|iPhoneSimulator.Deploy.0 = Release|Any CPU
		{74444BE6-C144-4B87-86E2-6A3467B66352}.AppStore|x64.ActiveCfg = Release|Any CPU
		{74444BE6-C144-4B87-86E2-6A3467B66352}.AppStore|x64.Build.0 = Release|Any CPU
		{74444BE6-C144-4B87-86E2-6A3467B66352}.AppStore|x64.Deploy.0 = Release|Any CPU
		{74444BE6-C144-4B87-86E2-6A3467B66352}.AppStore|x86.ActiveCfg = Release|x86
		{74444BE6-C144-4B87-86E2-6A3467B66352}.AppStore|x86.Build.0 = Release|x86
		{74444BE6-C144-4B87-86E2-6A3467B66352}.AppStore|x86.Deploy.0 = Release|x86
		{74444BE6-C144-4B87-86E2-6A3467B66352}.Debug|Any CPU.ActiveCfg = Debug|Any CPU
		{74444BE6-C144-4B87-86E2-6A3467B66352}.Debug|Any CPU.Build.0 = Debug|Any CPU
		{74444BE6-C144-4B87-86E2-6A3467B66352}.Debug|Any CPU.Deploy.0 = Debug|Any CPU
		{74444BE6-C144-4B87-86E2-6A3467B66352}.Debug|ARM.ActiveCfg = Debug|ARM
		{74444BE6-C144-4B87-86E2-6A3467B66352}.Debug|ARM.Build.0 = Debug|ARM
		{74444BE6-C144-4B87-86E2-6A3467B66352}.Debug|ARM.Deploy.0 = Debug|ARM
		{74444BE6-C144-4B87-86E2-6A3467B66352}.Debug|iPhone.ActiveCfg = Debug|Any CPU
		{74444BE6-C144-4B87-86E2-6A3467B66352}.Debug|iPhone.Build.0 = Debug|Any CPU
		{74444BE6-C144-4B87-86E2-6A3467B66352}.Debug|iPhone.Deploy.0 = Debug|Any CPU
		{74444BE6-C144-4B87-86E2-6A3467B66352}.Debug|iPhoneSimulator.ActiveCfg = Debug|Any CPU
		{74444BE6-C144-4B87-86E2-6A3467B66352}.Debug|iPhoneSimulator.Build.0 = Debug|Any CPU
		{74444BE6-C144-4B87-86E2-6A3467B66352}.Debug|iPhoneSimulator.Deploy.0 = Debug|Any CPU
		{74444BE6-C144-4B87-86E2-6A3467B66352}.Debug|x64.ActiveCfg = Debug|Any CPU
		{74444BE6-C144-4B87-86E2-6A3467B66352}.Debug|x64.Build.0 = Debug|Any CPU
		{74444BE6-C144-4B87-86E2-6A3467B66352}.Debug|x64.Deploy.0 = Debug|Any CPU
		{74444BE6-C144-4B87-86E2-6A3467B66352}.Debug|x86.ActiveCfg = Debug|x86
		{74444BE6-C144-4B87-86E2-6A3467B66352}.Debug|x86.Build.0 = Debug|x86
		{74444BE6-C144-4B87-86E2-6A3467B66352}.Debug|x86.Deploy.0 = Debug|x86
		{74444BE6-C144-4B87-86E2-6A3467B66352}.Release|Any CPU.ActiveCfg = Release|Any CPU
		{74444BE6-C144-4B87-86E2-6A3467B66352}.Release|Any CPU.Build.0 = Release|Any CPU
		{74444BE6-C144-4B87-86E2-6A3467B66352}.Release|Any CPU.Deploy.0 = Release|Any CPU
		{74444BE6-C144-4B87-86E2-6A3467B66352}.Release|ARM.ActiveCfg = Release|ARM
		{74444BE6-C144-4B87-86E2-6A3467B66352}.Release|ARM.Build.0 = Release|ARM
		{74444BE6-C144-4B87-86E2-6A3467B66352}.Release|ARM.Deploy.0 = Release|ARM
		{74444BE6-C144-4B87-86E2-6A3467B66352}.Release|iPhone.ActiveCfg = Release|Any CPU
		{74444BE6-C144-4B87-86E2-6A3467B66352}.Release|iPhone.Build.0 = Release|Any CPU
		{74444BE6-C144-4B87-86E2-6A3467B66352}.Release|iPhone.Deploy.0 = Release|Any CPU
		{74444BE6-C144-4B87-86E2-6A3467B66352}.Release|iPhoneSimulator.ActiveCfg = Release|Any CPU
		{74444BE6-C144-4B87-86E2-6A3467B66352}.Release|iPhoneSimulator.Build.0 = Release|Any CPU
		{74444BE6-C144-4B87-86E2-6A3467B66352}.Release|iPhoneSimulator.Deploy.0 = Release|Any CPU
		{74444BE6-C144-4B87-86E2-6A3467B66352}.Release|x64.ActiveCfg = Release|Any CPU
		{74444BE6-C144-4B87-86E2-6A3467B66352}.Release|x64.Build.0 = Release|Any CPU
		{74444BE6-C144-4B87-86E2-6A3467B66352}.Release|x64.Deploy.0 = Release|Any CPU
		{74444BE6-C144-4B87-86E2-6A3467B66352}.Release|x86.ActiveCfg = Release|x86
		{74444BE6-C144-4B87-86E2-6A3467B66352}.Release|x86.Build.0 = Release|x86
		{74444BE6-C144-4B87-86E2-6A3467B66352}.Release|x86.Deploy.0 = Release|x86
		{493C8955-A618-42B6-8C11-599E64511739}.Ad-Hoc|Any CPU.ActiveCfg = Release|x86
		{493C8955-A618-42B6-8C11-599E64511739}.Ad-Hoc|Any CPU.Build.0 = Release|x86
		{493C8955-A618-42B6-8C11-599E64511739}.Ad-Hoc|Any CPU.Deploy.0 = Release|x86
		{493C8955-A618-42B6-8C11-599E64511739}.Ad-Hoc|ARM.ActiveCfg = Release|ARM
		{493C8955-A618-42B6-8C11-599E64511739}.Ad-Hoc|ARM.Build.0 = Release|ARM
		{493C8955-A618-42B6-8C11-599E64511739}.Ad-Hoc|ARM.Deploy.0 = Release|ARM
		{493C8955-A618-42B6-8C11-599E64511739}.Ad-Hoc|iPhone.ActiveCfg = Release|x86
		{493C8955-A618-42B6-8C11-599E64511739}.Ad-Hoc|iPhone.Build.0 = Release|x86
		{493C8955-A618-42B6-8C11-599E64511739}.Ad-Hoc|iPhone.Deploy.0 = Release|x86
		{493C8955-A618-42B6-8C11-599E64511739}.Ad-Hoc|iPhoneSimulator.ActiveCfg = Release|x86
		{493C8955-A618-42B6-8C11-599E64511739}.Ad-Hoc|iPhoneSimulator.Build.0 = Release|x86
		{493C8955-A618-42B6-8C11-599E64511739}.Ad-Hoc|iPhoneSimulator.Deploy.0 = Release|x86
		{493C8955-A618-42B6-8C11-599E64511739}.Ad-Hoc|x64.ActiveCfg = Release|x64
		{493C8955-A618-42B6-8C11-599E64511739}.Ad-Hoc|x64.Build.0 = Release|x64
		{493C8955-A618-42B6-8C11-599E64511739}.Ad-Hoc|x64.Deploy.0 = Release|x64
		{493C8955-A618-42B6-8C11-599E64511739}.Ad-Hoc|x86.ActiveCfg = Release|x86
		{493C8955-A618-42B6-8C11-599E64511739}.Ad-Hoc|x86.Build.0 = Release|x86
		{493C8955-A618-42B6-8C11-599E64511739}.Ad-Hoc|x86.Deploy.0 = Release|x86
		{493C8955-A618-42B6-8C11-599E64511739}.AppStore|Any CPU.ActiveCfg = Release|x86
		{493C8955-A618-42B6-8C11-599E64511739}.AppStore|Any CPU.Build.0 = Release|x86
		{493C8955-A618-42B6-8C11-599E64511739}.AppStore|Any CPU.Deploy.0 = Release|x86
		{493C8955-A618-42B6-8C11-599E64511739}.AppStore|ARM.ActiveCfg = Release|ARM
		{493C8955-A618-42B6-8C11-599E64511739}.AppStore|ARM.Build.0 = Release|ARM
		{493C8955-A618-42B6-8C11-599E64511739}.AppStore|ARM.Deploy.0 = Release|ARM
		{493C8955-A618-42B6-8C11-599E64511739}.AppStore|iPhone.ActiveCfg = Release|x86
		{493C8955-A618-42B6-8C11-599E64511739}.AppStore|iPhone.Build.0 = Release|x86
		{493C8955-A618-42B6-8C11-599E64511739}.AppStore|iPhone.Deploy.0 = Release|x86
		{493C8955-A618-42B6-8C11-599E64511739}.AppStore|iPhoneSimulator.ActiveCfg = Release|x86
		{493C8955-A618-42B6-8C11-599E64511739}.AppStore|iPhoneSimulator.Build.0 = Release|x86
		{493C8955-A618-42B6-8C11-599E64511739}.AppStore|iPhoneSimulator.Deploy.0 = Release|x86
		{493C8955-A618-42B6-8C11-599E64511739}.AppStore|x64.ActiveCfg = Release|x64
		{493C8955-A618-42B6-8C11-599E64511739}.AppStore|x64.Build.0 = Release|x64
		{493C8955-A618-42B6-8C11-599E64511739}.AppStore|x64.Deploy.0 = Release|x64
		{493C8955-A618-42B6-8C11-599E64511739}.AppStore|x86.ActiveCfg = Release|x86
		{493C8955-A618-42B6-8C11-599E64511739}.AppStore|x86.Build.0 = Release|x86
		{493C8955-A618-42B6-8C11-599E64511739}.AppStore|x86.Deploy.0 = Release|x86
		{493C8955-A618-42B6-8C11-599E64511739}.Debug|Any CPU.ActiveCfg = Debug|x86
		{493C8955-A618-42B6-8C11-599E64511739}.Debug|ARM.ActiveCfg = Debug|ARM
		{493C8955-A618-42B6-8C11-599E64511739}.Debug|ARM.Build.0 = Debug|ARM
		{493C8955-A618-42B6-8C11-599E64511739}.Debug|ARM.Deploy.0 = Debug|ARM
		{493C8955-A618-42B6-8C11-599E64511739}.Debug|iPhone.ActiveCfg = Debug|x86
		{493C8955-A618-42B6-8C11-599E64511739}.Debug|iPhoneSimulator.ActiveCfg = Debug|x86
		{493C8955-A618-42B6-8C11-599E64511739}.Debug|x64.ActiveCfg = Debug|x64
		{493C8955-A618-42B6-8C11-599E64511739}.Debug|x64.Build.0 = Debug|x64
		{493C8955-A618-42B6-8C11-599E64511739}.Debug|x64.Deploy.0 = Debug|x64
		{493C8955-A618-42B6-8C11-599E64511739}.Debug|x86.ActiveCfg = Debug|x86
		{493C8955-A618-42B6-8C11-599E64511739}.Debug|x86.Build.0 = Debug|x86
		{493C8955-A618-42B6-8C11-599E64511739}.Debug|x86.Deploy.0 = Debug|x86
		{493C8955-A618-42B6-8C11-599E64511739}.Release|Any CPU.ActiveCfg = Release|x86
		{493C8955-A618-42B6-8C11-599E64511739}.Release|ARM.ActiveCfg = Release|ARM
		{493C8955-A618-42B6-8C11-599E64511739}.Release|ARM.Build.0 = Release|ARM
		{493C8955-A618-42B6-8C11-599E64511739}.Release|ARM.Deploy.0 = Release|ARM
		{493C8955-A618-42B6-8C11-599E64511739}.Release|iPhone.ActiveCfg = Release|x86
		{493C8955-A618-42B6-8C11-599E64511739}.Release|iPhoneSimulator.ActiveCfg = Release|x86
		{493C8955-A618-42B6-8C11-599E64511739}.Release|x64.ActiveCfg = Release|x64
		{493C8955-A618-42B6-8C11-599E64511739}.Release|x64.Build.0 = Release|x64
		{493C8955-A618-42B6-8C11-599E64511739}.Release|x64.Deploy.0 = Release|x64
		{493C8955-A618-42B6-8C11-599E64511739}.Release|x86.ActiveCfg = Release|x86
		{493C8955-A618-42B6-8C11-599E64511739}.Release|x86.Build.0 = Release|x86
		{493C8955-A618-42B6-8C11-599E64511739}.Release|x86.Deploy.0 = Release|x86
		{F10D58DE-1EFC-4C5A-B312-AC32B59318B8}.Ad-Hoc|Any CPU.ActiveCfg = Release|Any CPU
		{F10D58DE-1EFC-4C5A-B312-AC32B59318B8}.Ad-Hoc|Any CPU.Build.0 = Release|Any CPU
		{F10D58DE-1EFC-4C5A-B312-AC32B59318B8}.Ad-Hoc|Any CPU.Deploy.0 = Release|Any CPU
		{F10D58DE-1EFC-4C5A-B312-AC32B59318B8}.Ad-Hoc|ARM.ActiveCfg = Release|ARM
		{F10D58DE-1EFC-4C5A-B312-AC32B59318B8}.Ad-Hoc|ARM.Build.0 = Release|ARM
		{F10D58DE-1EFC-4C5A-B312-AC32B59318B8}.Ad-Hoc|ARM.Deploy.0 = Release|ARM
		{F10D58DE-1EFC-4C5A-B312-AC32B59318B8}.Ad-Hoc|iPhone.ActiveCfg = Release|Any CPU
		{F10D58DE-1EFC-4C5A-B312-AC32B59318B8}.Ad-Hoc|iPhone.Build.0 = Release|Any CPU
		{F10D58DE-1EFC-4C5A-B312-AC32B59318B8}.Ad-Hoc|iPhone.Deploy.0 = Release|Any CPU
		{F10D58DE-1EFC-4C5A-B312-AC32B59318B8}.Ad-Hoc|iPhoneSimulator.ActiveCfg = Release|Any CPU
		{F10D58DE-1EFC-4C5A-B312-AC32B59318B8}.Ad-Hoc|iPhoneSimulator.Build.0 = Release|Any CPU
		{F10D58DE-1EFC-4C5A-B312-AC32B59318B8}.Ad-Hoc|iPhoneSimulator.Deploy.0 = Release|Any CPU
		{F10D58DE-1EFC-4C5A-B312-AC32B59318B8}.Ad-Hoc|x64.ActiveCfg = Release|x64
		{F10D58DE-1EFC-4C5A-B312-AC32B59318B8}.Ad-Hoc|x64.Build.0 = Release|x64
		{F10D58DE-1EFC-4C5A-B312-AC32B59318B8}.Ad-Hoc|x64.Deploy.0 = Release|x64
		{F10D58DE-1EFC-4C5A-B312-AC32B59318B8}.Ad-Hoc|x86.ActiveCfg = Release|x86
		{F10D58DE-1EFC-4C5A-B312-AC32B59318B8}.Ad-Hoc|x86.Build.0 = Release|x86
		{F10D58DE-1EFC-4C5A-B312-AC32B59318B8}.Ad-Hoc|x86.Deploy.0 = Release|x86
		{F10D58DE-1EFC-4C5A-B312-AC32B59318B8}.AppStore|Any CPU.ActiveCfg = Release|Any CPU
		{F10D58DE-1EFC-4C5A-B312-AC32B59318B8}.AppStore|Any CPU.Build.0 = Release|Any CPU
		{F10D58DE-1EFC-4C5A-B312-AC32B59318B8}.AppStore|Any CPU.Deploy.0 = Release|Any CPU
		{F10D58DE-1EFC-4C5A-B312-AC32B59318B8}.AppStore|ARM.ActiveCfg = Release|ARM
		{F10D58DE-1EFC-4C5A-B312-AC32B59318B8}.AppStore|ARM.Build.0 = Release|ARM
		{F10D58DE-1EFC-4C5A-B312-AC32B59318B8}.AppStore|ARM.Deploy.0 = Release|ARM
		{F10D58DE-1EFC-4C5A-B312-AC32B59318B8}.AppStore|iPhone.ActiveCfg = Release|Any CPU
		{F10D58DE-1EFC-4C5A-B312-AC32B59318B8}.AppStore|iPhone.Build.0 = Release|Any CPU
		{F10D58DE-1EFC-4C5A-B312-AC32B59318B8}.AppStore|iPhone.Deploy.0 = Release|Any CPU
		{F10D58DE-1EFC-4C5A-B312-AC32B59318B8}.AppStore|iPhoneSimulator.ActiveCfg = Release|Any CPU
		{F10D58DE-1EFC-4C5A-B312-AC32B59318B8}.AppStore|iPhoneSimulator.Build.0 = Release|Any CPU
		{F10D58DE-1EFC-4C5A-B312-AC32B59318B8}.AppStore|iPhoneSimulator.Deploy.0 = Release|Any CPU
		{F10D58DE-1EFC-4C5A-B312-AC32B59318B8}.AppStore|x64.ActiveCfg = Release|x64
		{F10D58DE-1EFC-4C5A-B312-AC32B59318B8}.AppStore|x64.Build.0 = Release|x64
		{F10D58DE-1EFC-4C5A-B312-AC32B59318B8}.AppStore|x64.Deploy.0 = Release|x64
		{F10D58DE-1EFC-4C5A-B312-AC32B59318B8}.AppStore|x86.ActiveCfg = Release|x86
		{F10D58DE-1EFC-4C5A-B312-AC32B59318B8}.AppStore|x86.Build.0 = Release|x86
		{F10D58DE-1EFC-4C5A-B312-AC32B59318B8}.AppStore|x86.Deploy.0 = Release|x86
		{F10D58DE-1EFC-4C5A-B312-AC32B59318B8}.Debug|Any CPU.ActiveCfg = Debug|Any CPU
		{F10D58DE-1EFC-4C5A-B312-AC32B59318B8}.Debug|Any CPU.Build.0 = Debug|Any CPU
		{F10D58DE-1EFC-4C5A-B312-AC32B59318B8}.Debug|Any CPU.Deploy.0 = Debug|Any CPU
		{F10D58DE-1EFC-4C5A-B312-AC32B59318B8}.Debug|ARM.ActiveCfg = Debug|ARM
		{F10D58DE-1EFC-4C5A-B312-AC32B59318B8}.Debug|ARM.Build.0 = Debug|ARM
		{F10D58DE-1EFC-4C5A-B312-AC32B59318B8}.Debug|ARM.Deploy.0 = Debug|ARM
		{F10D58DE-1EFC-4C5A-B312-AC32B59318B8}.Debug|iPhone.ActiveCfg = Debug|Any CPU
		{F10D58DE-1EFC-4C5A-B312-AC32B59318B8}.Debug|iPhone.Build.0 = Debug|Any CPU
		{F10D58DE-1EFC-4C5A-B312-AC32B59318B8}.Debug|iPhone.Deploy.0 = Debug|Any CPU
		{F10D58DE-1EFC-4C5A-B312-AC32B59318B8}.Debug|iPhoneSimulator.ActiveCfg = Debug|Any CPU
		{F10D58DE-1EFC-4C5A-B312-AC32B59318B8}.Debug|iPhoneSimulator.Build.0 = Debug|Any CPU
		{F10D58DE-1EFC-4C5A-B312-AC32B59318B8}.Debug|iPhoneSimulator.Deploy.0 = Debug|Any CPU
		{F10D58DE-1EFC-4C5A-B312-AC32B59318B8}.Debug|x64.ActiveCfg = Debug|x64
		{F10D58DE-1EFC-4C5A-B312-AC32B59318B8}.Debug|x64.Build.0 = Debug|x64
		{F10D58DE-1EFC-4C5A-B312-AC32B59318B8}.Debug|x64.Deploy.0 = Debug|x64
		{F10D58DE-1EFC-4C5A-B312-AC32B59318B8}.Debug|x86.ActiveCfg = Debug|x86
		{F10D58DE-1EFC-4C5A-B312-AC32B59318B8}.Debug|x86.Build.0 = Debug|x86
		{F10D58DE-1EFC-4C5A-B312-AC32B59318B8}.Debug|x86.Deploy.0 = Debug|x86
		{F10D58DE-1EFC-4C5A-B312-AC32B59318B8}.Release|Any CPU.ActiveCfg = Release|Any CPU
		{F10D58DE-1EFC-4C5A-B312-AC32B59318B8}.Release|Any CPU.Build.0 = Release|Any CPU
		{F10D58DE-1EFC-4C5A-B312-AC32B59318B8}.Release|Any CPU.Deploy.0 = Release|Any CPU
		{F10D58DE-1EFC-4C5A-B312-AC32B59318B8}.Release|ARM.ActiveCfg = Release|ARM
		{F10D58DE-1EFC-4C5A-B312-AC32B59318B8}.Release|ARM.Build.0 = Release|ARM
		{F10D58DE-1EFC-4C5A-B312-AC32B59318B8}.Release|ARM.Deploy.0 = Release|ARM
		{F10D58DE-1EFC-4C5A-B312-AC32B59318B8}.Release|iPhone.ActiveCfg = Release|Any CPU
		{F10D58DE-1EFC-4C5A-B312-AC32B59318B8}.Release|iPhone.Build.0 = Release|Any CPU
		{F10D58DE-1EFC-4C5A-B312-AC32B59318B8}.Release|iPhone.Deploy.0 = Release|Any CPU
		{F10D58DE-1EFC-4C5A-B312-AC32B59318B8}.Release|iPhoneSimulator.ActiveCfg = Release|Any CPU
		{F10D58DE-1EFC-4C5A-B312-AC32B59318B8}.Release|iPhoneSimulator.Build.0 = Release|Any CPU
		{F10D58DE-1EFC-4C5A-B312-AC32B59318B8}.Release|iPhoneSimulator.Deploy.0 = Release|Any CPU
		{F10D58DE-1EFC-4C5A-B312-AC32B59318B8}.Release|x64.ActiveCfg = Release|x64
		{F10D58DE-1EFC-4C5A-B312-AC32B59318B8}.Release|x64.Build.0 = Release|x64
		{F10D58DE-1EFC-4C5A-B312-AC32B59318B8}.Release|x64.Deploy.0 = Release|x64
		{F10D58DE-1EFC-4C5A-B312-AC32B59318B8}.Release|x86.ActiveCfg = Release|x86
		{F10D58DE-1EFC-4C5A-B312-AC32B59318B8}.Release|x86.Build.0 = Release|x86
		{F10D58DE-1EFC-4C5A-B312-AC32B59318B8}.Release|x86.Deploy.0 = Release|x86
	EndGlobalSection
	GlobalSection(SolutionProperties) = preSolution
		HideSolutionNode = FALSE
	EndGlobalSection
EndGlobal
